
Microsoft Visual Studio Solution File, Format Version 12.00
# Visual Studio Version 17
VisualStudioVersion = 17.14.36623.8 d17.14
MinimumVisualStudioVersion = 10.0.40219.1
Project("{FAE04EC0-301F-11D3-BF4B-00C04F79EFBC}") = "Supermarket Inventory Managment System", "Supermarket Inventory Managment System\Supermarket Inventory Managment System.csproj", "{972B8761-904F-4A51-8383-D1F5F6CE3EAE}"
EndProject
Global
	GlobalSection(SolutionConfigurationPlatforms) = preSolution
		Debug|Any CPU = Debug|Any CPU
		Release|Any CPU = Release|Any CPU
	EndGlobalSection
	GlobalSection(ProjectConfigurationPlatforms) = postSolution
		{972B8761-904F-4A51-8383-D1F5F6CE3EAE}.Debug|Any CPU.ActiveCfg = Debug|Any CPU
		{972B8761-904F-4A51-8383-D1F5F6CE3EAE}.Debug|Any CPU.Build.0 = Debug|Any CPU
		{972B8761-904F-4A51-8383-D1F5F6CE3EAE}.Release|Any CPU.ActiveCfg = Release|Any CPU
		{972B8761-904F-4A51-8383-D1F5F6CE3EAE}.Release|Any CPU.Build.0 = Release|Any CPU
	EndGlobalSection
	GlobalSection(SolutionProperties) = preSolution
		HideSolutionNode = FALSE
	EndGlobalSection
	GlobalSection(ExtensibilityGlobals) = postSolution
		SolutionGuid = {B721F4AE-80ED-4890-A908-B3DC0621DCE4}
	EndGlobalSection
EndGlobal
